// !$*UTF8*$!
{
	archiveVersion = 1;
	classes = {
	};
	objectVersion = 55;
	objects = {

/* Begin PBXBuildFile section */
		5317876D274F6CB800513C43 /* VGridBootCamp.swift in Sources */ = {isa = PBXBuildFile; fileRef = 5317876C274F6CB800513C43 /* VGridBootCamp.swift */; };
		5317876F274F7D8600513C43 /* ButtonBootCamp.swift in Sources */ = {isa = PBXBuildFile; fileRef = 5317876E274F7D8600513C43 /* ButtonBootCamp.swift */; };
		535D9B4427561A1500BE5A2C /* AddingAnimationBootCamp.swift in Sources */ = {isa = PBXBuildFile; fileRef = 535D9B4327561A1500BE5A2C /* AddingAnimationBootCamp.swift */; };
		5385036527474991009B9CC7 /* BackgroundBootCampRevision.swift in Sources */ = {isa = PBXBuildFile; fileRef = 5385036427474991009B9CC7 /* BackgroundBootCampRevision.swift */; };
		5385036727477F2D009B9CC7 /* StackSpacerPaddingBootCamp.swift in Sources */ = {isa = PBXBuildFile; fileRef = 5385036627477F2D009B9CC7 /* StackSpacerPaddingBootCamp.swift */; };
		53850369274787C4009B9CC7 /* UsingPreviousBootCampOne.swift in Sources */ = {isa = PBXBuildFile; fileRef = 53850368274787C4009B9CC7 /* UsingPreviousBootCampOne.swift */; };
		5385036B27479E7F009B9CC7 /* EnumBootCamp.swift in Sources */ = {isa = PBXBuildFile; fileRef = 5385036A27479E7E009B9CC7 /* EnumBootCamp.swift */; };
		5385036D2747AF4A009B9CC7 /* ForEachWithStackBootCamp.swift in Sources */ = {isa = PBXBuildFile; fileRef = 5385036C2747AF4A009B9CC7 /* ForEachWithStackBootCamp.swift */; };
		53A54146274368DB00EE1AEA /* ColorBootCamp.swift in Sources */ = {isa = PBXBuildFile; fileRef = 53A54145274368DB00EE1AEA /* ColorBootCamp.swift */; };
		53A5414827438A5300EE1AEA /* GradientBootCamp.swift in Sources */ = {isa = PBXBuildFile; fileRef = 53A5414727438A5300EE1AEA /* GradientBootCamp.swift */; };
		53A5414A27438E5B00EE1AEA /* IconBootCamp.swift in Sources */ = {isa = PBXBuildFile; fileRef = 53A5414927438E5B00EE1AEA /* IconBootCamp.swift */; };
		53A5414C2743905200EE1AEA /* ImageBootCamp.swift in Sources */ = {isa = PBXBuildFile; fileRef = 53A5414B2743905200EE1AEA /* ImageBootCamp.swift */; };
		53A5414E2743993100EE1AEA /* FrameBootCamp.swift in Sources */ = {isa = PBXBuildFile; fileRef = 53A5414D2743993100EE1AEA /* FrameBootCamp.swift */; };
		53A541502743A5A200EE1AEA /* BackgroundAndOverLayBootCamp.swift in Sources */ = {isa = PBXBuildFile; fileRef = 53A5414F2743A5A200EE1AEA /* BackgroundAndOverLayBootCamp.swift */; };
		53C63A2B2766F5AC0052BE44 /* SwiftStateObjectBootCamp.swift in Sources */ = {isa = PBXBuildFile; fileRef = 53C63A2A2766F5AC0052BE44 /* SwiftStateObjectBootCamp.swift */; };
		53C63A2D276741A80052BE44 /* EnvironmentBootCamp.swift in Sources */ = {isa = PBXBuildFile; fileRef = 53C63A2C276741A80052BE44 /* EnvironmentBootCamp.swift */; };
		53E9D85827428B7E006AA5AB /* swiftui_bootcampApp.swift in Sources */ = {isa = PBXBuildFile; fileRef = 53E9D85727428B7E006AA5AB /* swiftui_bootcampApp.swift */; };
		53E9D85A27428B7E006AA5AB /* ContentView.swift in Sources */ = {isa = PBXBuildFile; fileRef = 53E9D85927428B7E006AA5AB /* ContentView.swift */; };
		53E9D85C27428B7F006AA5AB /* Assets.xcassets in Resources */ = {isa = PBXBuildFile; fileRef = 53E9D85B27428B7F006AA5AB /* Assets.xcassets */; };
		53E9D85F27428B7F006AA5AB /* Preview Assets.xcassets in Resources */ = {isa = PBXBuildFile; fileRef = 53E9D85E27428B7F006AA5AB /* Preview Assets.xcassets */; };
		53E9D86927428B7F006AA5AB /* swiftui_bootcampTests.swift in Sources */ = {isa = PBXBuildFile; fileRef = 53E9D86827428B7F006AA5AB /* swiftui_bootcampTests.swift */; };
		53E9D87327428B7F006AA5AB /* swiftui_bootcampUITests.swift in Sources */ = {isa = PBXBuildFile; fileRef = 53E9D87227428B7F006AA5AB /* swiftui_bootcampUITests.swift */; };
		53E9D87527428B7F006AA5AB /* swiftui_bootcampUITestsLaunchTests.swift in Sources */ = {isa = PBXBuildFile; fileRef = 53E9D87427428B7F006AA5AB /* swiftui_bootcampUITestsLaunchTests.swift */; };
		53E9D88227428BBC006AA5AB /* TextBootCamp.swift in Sources */ = {isa = PBXBuildFile; fileRef = 53E9D88127428BBC006AA5AB /* TextBootCamp.swift */; };
		53E9D8842742C9E4006AA5AB /* ShapeBootCamp.swift in Sources */ = {isa = PBXBuildFile; fileRef = 53E9D8832742C9E4006AA5AB /* ShapeBootCamp.swift */; };
		53FF9B9327560320007715E8 /* StateBootCamp.swift in Sources */ = {isa = PBXBuildFile; fileRef = 53FF9B9227560320007715E8 /* StateBootCamp.swift */; };
/* End PBXBuildFile section */

/* Begin PBXContainerItemProxy section */
		53E9D86527428B7F006AA5AB /* PBXContainerItemProxy */ = {
			isa = PBXContainerItemProxy;
			containerPortal = 53E9D84C27428B7E006AA5AB /* Project object */;
			proxyType = 1;
			remoteGlobalIDString = 53E9D85327428B7E006AA5AB;
			remoteInfo = "swiftui-bootcamp";
		};
		53E9D86F27428B7F006AA5AB /* PBXContainerItemProxy */ = {
			isa = PBXContainerItemProxy;
			containerPortal = 53E9D84C27428B7E006AA5AB /* Project object */;
			proxyType = 1;
			remoteGlobalIDString = 53E9D85327428B7E006AA5AB;
			remoteInfo = "swiftui-bootcamp";
		};
/* End PBXContainerItemProxy section */

/* Begin PBXFileReference section */
		5317876C274F6CB800513C43 /* VGridBootCamp.swift */ = {isa = PBXFileReference; lastKnownFileType = sourcecode.swift; path = VGridBootCamp.swift; sourceTree = "<group>"; };
		5317876E274F7D8600513C43 /* ButtonBootCamp.swift */ = {isa = PBXFileReference; lastKnownFileType = sourcecode.swift; path = ButtonBootCamp.swift; sourceTree = "<group>"; };
		535D9B4327561A1500BE5A2C /* AddingAnimationBootCamp.swift */ = {isa = PBXFileReference; lastKnownFileType = sourcecode.swift; path = AddingAnimationBootCamp.swift; sourceTree = "<group>"; };
		5385036427474991009B9CC7 /* BackgroundBootCampRevision.swift */ = {isa = PBXFileReference; lastKnownFileType = sourcecode.swift; path = BackgroundBootCampRevision.swift; sourceTree = "<group>"; };
		5385036627477F2D009B9CC7 /* StackSpacerPaddingBootCamp.swift */ = {isa = PBXFileReference; lastKnownFileType = sourcecode.swift; path = StackSpacerPaddingBootCamp.swift; sourceTree = "<group>"; };
		53850368274787C4009B9CC7 /* UsingPreviousBootCampOne.swift */ = {isa = PBXFileReference; lastKnownFileType = sourcecode.swift; path = UsingPreviousBootCampOne.swift; sourceTree = "<group>"; };
		5385036A27479E7E009B9CC7 /* EnumBootCamp.swift */ = {isa = PBXFileReference; lastKnownFileType = sourcecode.swift; path = EnumBootCamp.swift; sourceTree = "<group>"; };
		5385036C2747AF4A009B9CC7 /* ForEachWithStackBootCamp.swift */ = {isa = PBXFileReference; lastKnownFileType = sourcecode.swift; path = ForEachWithStackBootCamp.swift; sourceTree = "<group>"; };
		53A54145274368DB00EE1AEA /* ColorBootCamp.swift */ = {isa = PBXFileReference; lastKnownFileType = sourcecode.swift; path = ColorBootCamp.swift; sourceTree = "<group>"; };
		53A5414727438A5300EE1AEA /* GradientBootCamp.swift */ = {isa = PBXFileReference; lastKnownFileType = sourcecode.swift; path = GradientBootCamp.swift; sourceTree = "<group>"; };
		53A5414927438E5B00EE1AEA /* IconBootCamp.swift */ = {isa = PBXFileReference; lastKnownFileType = sourcecode.swift; path = IconBootCamp.swift; sourceTree = "<group>"; };
		53A5414B2743905200EE1AEA /* ImageBootCamp.swift */ = {isa = PBXFileReference; lastKnownFileType = sourcecode.swift; path = ImageBootCamp.swift; sourceTree = "<group>"; };
		53A5414D2743993100EE1AEA /* FrameBootCamp.swift */ = {isa = PBXFileReference; lastKnownFileType = sourcecode.swift; path = FrameBootCamp.swift; sourceTree = "<group>"; };
		53A5414F2743A5A200EE1AEA /* BackgroundAndOverLayBootCamp.swift */ = {isa = PBXFileReference; lastKnownFileType = sourcecode.swift; path = BackgroundAndOverLayBootCamp.swift; sourceTree = "<group>"; };
		53C63A2A2766F5AC0052BE44 /* SwiftStateObjectBootCamp.swift */ = {isa = PBXFileReference; lastKnownFileType = sourcecode.swift; path = SwiftStateObjectBootCamp.swift; sourceTree = "<group>"; };
		53C63A2C276741A80052BE44 /* EnvironmentBootCamp.swift */ = {isa = PBXFileReference; lastKnownFileType = sourcecode.swift; path = EnvironmentBootCamp.swift; sourceTree = "<group>"; };
		53E9D85427428B7E006AA5AB /* swiftui-bootcamp.app */ = {isa = PBXFileReference; explicitFileType = wrapper.application; includeInIndex = 0; path = "swiftui-bootcamp.app"; sourceTree = BUILT_PRODUCTS_DIR; };
		53E9D85727428B7E006AA5AB /* swiftui_bootcampApp.swift */ = {isa = PBXFileReference; lastKnownFileType = sourcecode.swift; path = swiftui_bootcampApp.swift; sourceTree = "<group>"; };
		53E9D85927428B7E006AA5AB /* ContentView.swift */ = {isa = PBXFileReference; lastKnownFileType = sourcecode.swift; path = ContentView.swift; sourceTree = "<group>"; };
		53E9D85B27428B7F006AA5AB /* Assets.xcassets */ = {isa = PBXFileReference; lastKnownFileType = folder.assetcatalog; path = Assets.xcassets; sourceTree = "<group>"; };
		53E9D85E27428B7F006AA5AB /* Preview Assets.xcassets */ = {isa = PBXFileReference; lastKnownFileType = folder.assetcatalog; path = "Preview Assets.xcassets"; sourceTree = "<group>"; };
		53E9D86427428B7F006AA5AB /* swiftui-bootcampTests.xctest */ = {isa = PBXFileReference; explicitFileType = wrapper.cfbundle; includeInIndex = 0; path = "swiftui-bootcampTests.xctest"; sourceTree = BUILT_PRODUCTS_DIR; };
		53E9D86827428B7F006AA5AB /* swiftui_bootcampTests.swift */ = {isa = PBXFileReference; lastKnownFileType = sourcecode.swift; path = swiftui_bootcampTests.swift; sourceTree = "<group>"; };
		53E9D86E27428B7F006AA5AB /* swiftui-bootcampUITests.xctest */ = {isa = PBXFileReference; explicitFileType = wrapper.cfbundle; includeInIndex = 0; path = "swiftui-bootcampUITests.xctest"; sourceTree = BUILT_PRODUCTS_DIR; };
		53E9D87227428B7F006AA5AB /* swiftui_bootcampUITests.swift */ = {isa = PBXFileReference; lastKnownFileType = sourcecode.swift; path = swiftui_bootcampUITests.swift; sourceTree = "<group>"; };
		53E9D87427428B7F006AA5AB /* swiftui_bootcampUITestsLaunchTests.swift */ = {isa = PBXFileReference; lastKnownFileType = sourcecode.swift; path = swiftui_bootcampUITestsLaunchTests.swift; sourceTree = "<group>"; };
		53E9D88127428BBC006AA5AB /* TextBootCamp.swift */ = {isa = PBXFileReference; lastKnownFileType = sourcecode.swift; path = TextBootCamp.swift; sourceTree = "<group>"; };
		53E9D8832742C9E4006AA5AB /* ShapeBootCamp.swift */ = {isa = PBXFileReference; lastKnownFileType = sourcecode.swift; path = ShapeBootCamp.swift; sourceTree = "<group>"; };
		53FF9B9227560320007715E8 /* StateBootCamp.swift */ = {isa = PBXFileReference; lastKnownFileType = sourcecode.swift; path = StateBootCamp.swift; sourceTree = "<group>"; };
/* End PBXFileReference section */

/* Begin PBXFrameworksBuildPhase section */
		53E9D85127428B7E006AA5AB /* Frameworks */ = {
			isa = PBXFrameworksBuildPhase;
			buildActionMask = 2147483647;
			files = (
			);
			runOnlyForDeploymentPostprocessing = 0;
		};
		53E9D86127428B7F006AA5AB /* Frameworks */ = {
			isa = PBXFrameworksBuildPhase;
			buildActionMask = 2147483647;
			files = (
			);
			runOnlyForDeploymentPostprocessing = 0;
		};
		53E9D86B27428B7F006AA5AB /* Frameworks */ = {
			isa = PBXFrameworksBuildPhase;
			buildActionMask = 2147483647;
			files = (
			);
			runOnlyForDeploymentPostprocessing = 0;
		};
/* End PBXFrameworksBuildPhase section */

/* Begin PBXGroup section */
		53E9D84B27428B7E006AA5AB = {
			isa = PBXGroup;
			children = (
				53E9D85627428B7E006AA5AB /* swiftui-bootcamp */,
				53E9D86727428B7F006AA5AB /* swiftui-bootcampTests */,
				53E9D87127428B7F006AA5AB /* swiftui-bootcampUITests */,
				53E9D85527428B7E006AA5AB /* Products */,
			);
			sourceTree = "<group>";
		};
		53E9D85527428B7E006AA5AB /* Products */ = {
			isa = PBXGroup;
			children = (
				53E9D85427428B7E006AA5AB /* swiftui-bootcamp.app */,
				53E9D86427428B7F006AA5AB /* swiftui-bootcampTests.xctest */,
				53E9D86E27428B7F006AA5AB /* swiftui-bootcampUITests.xctest */,
			);
			name = Products;
			sourceTree = "<group>";
		};
		53E9D85627428B7E006AA5AB /* swiftui-bootcamp */ = {
			isa = PBXGroup;
			children = (
				53E9D85727428B7E006AA5AB /* swiftui_bootcampApp.swift */,
				53850368274787C4009B9CC7 /* UsingPreviousBootCampOne.swift */,
				53E9D85927428B7E006AA5AB /* ContentView.swift */,
				5317876C274F6CB800513C43 /* VGridBootCamp.swift */,
				53A5414F2743A5A200EE1AEA /* BackgroundAndOverLayBootCamp.swift */,
				5317876E274F7D8600513C43 /* ButtonBootCamp.swift */,
				53A5414927438E5B00EE1AEA /* IconBootCamp.swift */,
				53FF9B9227560320007715E8 /* StateBootCamp.swift */,
				5385036427474991009B9CC7 /* BackgroundBootCampRevision.swift */,
				5385036A27479E7E009B9CC7 /* EnumBootCamp.swift */,
				53A5414B2743905200EE1AEA /* ImageBootCamp.swift */,
				5385036C2747AF4A009B9CC7 /* ForEachWithStackBootCamp.swift */,
				535D9B4327561A1500BE5A2C /* AddingAnimationBootCamp.swift */,
				53A5414D2743993100EE1AEA /* FrameBootCamp.swift */,
				5385036627477F2D009B9CC7 /* StackSpacerPaddingBootCamp.swift */,
				53A54145274368DB00EE1AEA /* ColorBootCamp.swift */,
				53C63A2C276741A80052BE44 /* EnvironmentBootCamp.swift */,
				53E9D8832742C9E4006AA5AB /* ShapeBootCamp.swift */,
				53E9D88127428BBC006AA5AB /* TextBootCamp.swift */,
				53C63A2A2766F5AC0052BE44 /* SwiftStateObjectBootCamp.swift */,
				53A5414727438A5300EE1AEA /* GradientBootCamp.swift */,
				53E9D85B27428B7F006AA5AB /* Assets.xcassets */,
				53E9D85D27428B7F006AA5AB /* Preview Content */,
			);
			path = "swiftui-bootcamp";
			sourceTree = "<group>";
		};
		53E9D85D27428B7F006AA5AB /* Preview Content */ = {
			isa = PBXGroup;
			children = (
				53E9D85E27428B7F006AA5AB /* Preview Assets.xcassets */,
			);
			path = "Preview Content";
			sourceTree = "<group>";
		};
		53E9D86727428B7F006AA5AB /* swiftui-bootcampTests */ = {
			isa = PBXGroup;
			children = (
				53E9D86827428B7F006AA5AB /* swiftui_bootcampTests.swift */,
			);
			path = "swiftui-bootcampTests";
			sourceTree = "<group>";
		};
		53E9D87127428B7F006AA5AB /* swiftui-bootcampUITests */ = {
			isa = PBXGroup;
			children = (
				53E9D87227428B7F006AA5AB /* swiftui_bootcampUITests.swift */,
				53E9D87427428B7F006AA5AB /* swiftui_bootcampUITestsLaunchTests.swift */,
			);
			path = "swiftui-bootcampUITests";
			sourceTree = "<group>";
		};
/* End PBXGroup section */

/* Begin PBXNativeTarget section */
		53E9D85327428B7E006AA5AB /* swiftui-bootcamp */ = {
			isa = PBXNativeTarget;
			buildConfigurationList = 53E9D87827428B7F006AA5AB /* Build configuration list for PBXNativeTarget "swiftui-bootcamp" */;
			buildPhases = (
				53E9D85027428B7E006AA5AB /* Sources */,
				53E9D85127428B7E006AA5AB /* Frameworks */,
				53E9D85227428B7E006AA5AB /* Resources */,
			);
			buildRules = (
			);
			dependencies = (
			);
			name = "swiftui-bootcamp";
			productName = "swiftui-bootcamp";
			productReference = 53E9D85427428B7E006AA5AB /* swiftui-bootcamp.app */;
			productType = "com.apple.product-type.application";
		};
		53E9D86327428B7F006AA5AB /* swiftui-bootcampTests */ = {
			isa = PBXNativeTarget;
			buildConfigurationList = 53E9D87B27428B7F006AA5AB /* Build configuration list for PBXNativeTarget "swiftui-bootcampTests" */;
			buildPhases = (
				53E9D86027428B7F006AA5AB /* Sources */,
				53E9D86127428B7F006AA5AB /* Frameworks */,
				53E9D86227428B7F006AA5AB /* Resources */,
			);
			buildRules = (
			);
			dependencies = (
				53E9D86627428B7F006AA5AB /* PBXTargetDependency */,
			);
			name = "swiftui-bootcampTests";
			productName = "swiftui-bootcampTests";
			productReference = 53E9D86427428B7F006AA5AB /* swiftui-bootcampTests.xctest */;
			productType = "com.apple.product-type.bundle.unit-test";
		};
		53E9D86D27428B7F006AA5AB /* swiftui-bootcampUITests */ = {
			isa = PBXNativeTarget;
			buildConfigurationList = 53E9D87E27428B7F006AA5AB /* Build configuration list for PBXNativeTarget "swiftui-bootcampUITests" */;
			buildPhases = (
				53E9D86A27428B7F006AA5AB /* Sources */,
				53E9D86B27428B7F006AA5AB /* Frameworks */,
				53E9D86C27428B7F006AA5AB /* Resources */,
			);
			buildRules = (
			);
			dependencies = (
				53E9D87027428B7F006AA5AB /* PBXTargetDependency */,
			);
			name = "swiftui-bootcampUITests";
			productName = "swiftui-bootcampUITests";
			productReference = 53E9D86E27428B7F006AA5AB /* swiftui-bootcampUITests.xctest */;
			productType = "com.apple.product-type.bundle.ui-testing";
		};
/* End PBXNativeTarget section */

/* Begin PBXProject section */
		53E9D84C27428B7E006AA5AB /* Project object */ = {
			isa = PBXProject;
			attributes = {
				BuildIndependentTargetsInParallel = 1;
				LastSwiftUpdateCheck = 1310;
				LastUpgradeCheck = 1310;
				TargetAttributes = {
					53E9D85327428B7E006AA5AB = {
						CreatedOnToolsVersion = 13.1;
					};
					53E9D86327428B7F006AA5AB = {
						CreatedOnToolsVersion = 13.1;
						TestTargetID = 53E9D85327428B7E006AA5AB;
					};
					53E9D86D27428B7F006AA5AB = {
						CreatedOnToolsVersion = 13.1;
						TestTargetID = 53E9D85327428B7E006AA5AB;
					};
				};
			};
			buildConfigurationList = 53E9D84F27428B7E006AA5AB /* Build configuration list for PBXProject "swiftui-bootcamp" */;
			compatibilityVersion = "Xcode 13.0";
			developmentRegion = en;
			hasScannedForEncodings = 0;
			knownRegions = (
				en,
				Base,
			);
			mainGroup = 53E9D84B27428B7E006AA5AB;
			productRefGroup = 53E9D85527428B7E006AA5AB /* Products */;
			projectDirPath = "";
			projectRoot = "";
			targets = (
				53E9D85327428B7E006AA5AB /* swiftui-bootcamp */,
				53E9D86327428B7F006AA5AB /* swiftui-bootcampTests */,
				53E9D86D27428B7F006AA5AB /* swiftui-bootcampUITests */,
			);
		};
/* End PBXProject section */

/* Begin PBXResourcesBuildPhase section */
		53E9D85227428B7E006AA5AB /* Resources */ = {
			isa = PBXResourcesBuildPhase;
			buildActionMask = 2147483647;
			files = (
				53E9D85F27428B7F006AA5AB /* Preview Assets.xcassets in Resources */,
				53E9D85C27428B7F006AA5AB /* Assets.xcassets in Resources */,
			);
			runOnlyForDeploymentPostprocessing = 0;
		};
		53E9D86227428B7F006AA5AB /* Resources */ = {
			isa = PBXResourcesBuildPhase;
			buildActionMask = 2147483647;
			files = (
			);
			runOnlyForDeploymentPostprocessing = 0;
		};
		53E9D86C27428B7F006AA5AB /* Resources */ = {
			isa = PBXResourcesBuildPhase;
			buildActionMask = 2147483647;
			files = (
			);
			runOnlyForDeploymentPostprocessing = 0;
		};
/* End PBXResourcesBuildPhase section */

/* Begin PBXSourcesBuildPhase section */
		53E9D85027428B7E006AA5AB /* Sources */ = {
			isa = PBXSourcesBuildPhase;
			buildActionMask = 2147483647;
			files = (
				5317876F274F7D8600513C43 /* ButtonBootCamp.swift in Sources */,
				53E9D8842742C9E4006AA5AB /* ShapeBootCamp.swift in Sources */,
				53E9D85A27428B7E006AA5AB /* ContentView.swift in Sources */,
				53A5414A27438E5B00EE1AEA /* IconBootCamp.swift in Sources */,
				53FF9B9327560320007715E8 /* StateBootCamp.swift in Sources */,
				53A54146274368DB00EE1AEA /* ColorBootCamp.swift in Sources */,
				53E9D85827428B7E006AA5AB /* swiftui_bootcampApp.swift in Sources */,
				53C63A2D276741A80052BE44 /* EnvironmentBootCamp.swift in Sources */,
				53A5414827438A5300EE1AEA /* GradientBootCamp.swift in Sources */,
				53A5414C2743905200EE1AEA /* ImageBootCamp.swift in Sources */,
				53E9D88227428BBC006AA5AB /* TextBootCamp.swift in Sources */,
				5385036527474991009B9CC7 /* BackgroundBootCampRevision.swift in Sources */,
				53C63A2B2766F5AC0052BE44 /* SwiftStateObjectBootCamp.swift in Sources */,
				5385036B27479E7F009B9CC7 /* EnumBootCamp.swift in Sources */,
				53A5414E2743993100EE1AEA /* FrameBootCamp.swift in Sources */,
				5385036727477F2D009B9CC7 /* StackSpacerPaddingBootCamp.swift in Sources */,
				5385036D2747AF4A009B9CC7 /* ForEachWithStackBootCamp.swift in Sources */,
				53850369274787C4009B9CC7 /* UsingPreviousBootCampOne.swift in Sources */,
				535D9B4427561A1500BE5A2C /* AddingAnimationBootCamp.swift in Sources */,
				53A541502743A5A200EE1AEA /* BackgroundAndOverLayBootCamp.swift in Sources */,
				5317876D274F6CB800513C43 /* VGridBootCamp.swift in Sources */,
			);
			runOnlyForDeploymentPostprocessing = 0;
		};
		53E9D86027428B7F006AA5AB /* Sources */ = {
			isa = PBXSourcesBuildPhase;
			buildActionMask = 2147483647;
			files = (
				53E9D86927428B7F006AA5AB /* swiftui_bootcampTests.swift in Sources */,
			);
			runOnlyForDeploymentPostprocessing = 0;
		};
		53E9D86A27428B7F006AA5AB /* Sources */ = {
			isa = PBXSourcesBuildPhase;
			buildActionMask = 2147483647;
			files = (
				53E9D87327428B7F006AA5AB /* swiftui_bootcampUITests.swift in Sources */,
				53E9D87527428B7F006AA5AB /* swiftui_bootcampUITestsLaunchTests.swift in Sources */,
			);
			runOnlyForDeploymentPostprocessing = 0;
		};
/* End PBXSourcesBuildPhase section */

/* Begin PBXTargetDependency section */
		53E9D86627428B7F006AA5AB /* PBXTargetDependency */ = {
			isa = PBXTargetDependency;
			target = 53E9D85327428B7E006AA5AB /* swiftui-bootcamp */;
			targetProxy = 53E9D86527428B7F006AA5AB /* PBXContainerItemProxy */;
		};
		53E9D87027428B7F006AA5AB /* PBXTargetDependency */ = {
			isa = PBXTargetDependency;
			target = 53E9D85327428B7E006AA5AB /* swiftui-bootcamp */;
			targetProxy = 53E9D86F27428B7F006AA5AB /* PBXContainerItemProxy */;
		};
/* End PBXTargetDependency section */

/* Begin XCBuildConfiguration section */
		53E9D87627428B7F006AA5AB /* Debug */ = {
			isa = XCBuildConfiguration;
			buildSettings = {
				ALWAYS_SEARCH_USER_PATHS = NO;
				CLANG_ANALYZER_NONNULL = YES;
				CLANG_ANALYZER_NUMBER_OBJECT_CONVERSION = YES_AGGRESSIVE;
				CLANG_CXX_LANGUAGE_STANDARD = "gnu++17";
				CLANG_CXX_LIBRARY = "libc++";
				CLANG_ENABLE_MODULES = YES;
				CLANG_ENABLE_OBJC_ARC = YES;
				CLANG_ENABLE_OBJC_WEAK = YES;
				CLANG_WARN_BLOCK_CAPTURE_AUTORELEASING = YES;
				CLANG_WARN_BOOL_CONVERSION = YES;
				CLANG_WARN_COMMA = YES;
				CLANG_WARN_CONSTANT_CONVERSION = YES;
				CLANG_WARN_DEPRECATED_OBJC_IMPLEMENTATIONS = YES;
				CLANG_WARN_DIRECT_OBJC_ISA_USAGE = YES_ERROR;
				CLANG_WARN_DOCUMENTATION_COMMENTS = YES;
				CLANG_WARN_EMPTY_BODY = YES;
				CLANG_WARN_ENUM_CONVERSION = YES;
				CLANG_WARN_INFINITE_RECURSION = YES;
				CLANG_WARN_INT_CONVERSION = YES;
				CLANG_WARN_NON_LITERAL_NULL_CONVERSION = YES;
				CLANG_WARN_OBJC_IMPLICIT_RETAIN_SELF = YES;
				CLANG_WARN_OBJC_LITERAL_CONVERSION = YES;
				CLANG_WARN_OBJC_ROOT_CLASS = YES_ERROR;
				CLANG_WARN_QUOTED_INCLUDE_IN_FRAMEWORK_HEADER = YES;
				CLANG_WARN_RANGE_LOOP_ANALYSIS = YES;
				CLANG_WARN_STRICT_PROTOTYPES = YES;
				CLANG_WARN_SUSPICIOUS_MOVE = YES;
				CLANG_WARN_UNGUARDED_AVAILABILITY = YES_AGGRESSIVE;
				CLANG_WARN_UNREACHABLE_CODE = YES;
				CLANG_WARN__DUPLICATE_METHOD_MATCH = YES;
				COPY_PHASE_STRIP = NO;
				DEBUG_INFORMATION_FORMAT = dwarf;
				ENABLE_STRICT_OBJC_MSGSEND = YES;
				ENABLE_TESTABILITY = YES;
				GCC_C_LANGUAGE_STANDARD = gnu11;
				GCC_DYNAMIC_NO_PIC = NO;
				GCC_NO_COMMON_BLOCKS = YES;
				GCC_OPTIMIZATION_LEVEL = 0;
				GCC_PREPROCESSOR_DEFINITIONS = (
					"DEBUG=1",
					"$(inherited)",
				);
				GCC_WARN_64_TO_32_BIT_CONVERSION = YES;
				GCC_WARN_ABOUT_RETURN_TYPE = YES_ERROR;
				GCC_WARN_UNDECLARED_SELECTOR = YES;
				GCC_WARN_UNINITIALIZED_AUTOS = YES_AGGRESSIVE;
				GCC_WARN_UNUSED_FUNCTION = YES;
				GCC_WARN_UNUSED_VARIABLE = YES;
				IPHONEOS_DEPLOYMENT_TARGET = 15.0;
				MTL_ENABLE_DEBUG_INFO = INCLUDE_SOURCE;
				MTL_FAST_MATH = YES;
				ONLY_ACTIVE_ARCH = YES;
				SDKROOT = iphoneos;
				SWIFT_ACTIVE_COMPILATION_CONDITIONS = DEBUG;
				SWIFT_OPTIMIZATION_LEVEL = "-Onone";
			};
			name = Debug;
		};
		53E9D87727428B7F006AA5AB /* Release */ = {
			isa = XCBuildConfiguration;
			buildSettings = {
				ALWAYS_SEARCH_USER_PATHS = NO;
				CLANG_ANALYZER_NONNULL = YES;
				CLANG_ANALYZER_NUMBER_OBJECT_CONVERSION = YES_AGGRESSIVE;
				CLANG_CXX_LANGUAGE_STANDARD = "gnu++17";
				CLANG_CXX_LIBRARY = "libc++";
				CLANG_ENABLE_MODULES = YES;
				CLANG_ENABLE_OBJC_ARC = YES;
				CLANG_ENABLE_OBJC_WEAK = YES;
				CLANG_WARN_BLOCK_CAPTURE_AUTORELEASING = YES;
				CLANG_WARN_BOOL_CONVERSION = YES;
				CLANG_WARN_COMMA = YES;
				CLANG_WARN_CONSTANT_CONVERSION = YES;
				CLANG_WARN_DEPRECATED_OBJC_IMPLEMENTATIONS = YES;
				CLANG_WARN_DIRECT_OBJC_ISA_USAGE = YES_ERROR;
				CLANG_WARN_DOCUMENTATION_COMMENTS = YES;
				CLANG_WARN_EMPTY_BODY = YES;
				CLANG_WARN_ENUM_CONVERSION = YES;
				CLANG_WARN_INFINITE_RECURSION = YES;
				CLANG_WARN_INT_CONVERSION = YES;
				CLANG_WARN_NON_LITERAL_NULL_CONVERSION = YES;
				CLANG_WARN_OBJC_IMPLICIT_RETAIN_SELF = YES;
				CLANG_WARN_OBJC_LITERAL_CONVERSION = YES;
				CLANG_WARN_OBJC_ROOT_CLASS = YES_ERROR;
				CLANG_WARN_QUOTED_INCLUDE_IN_FRAMEWORK_HEADER = YES;
				CLANG_WARN_RANGE_LOOP_ANALYSIS = YES;
				CLANG_WARN_STRICT_PROTOTYPES = YES;
				CLANG_WARN_SUSPICIOUS_MOVE = YES;
				CLANG_WARN_UNGUARDED_AVAILABILITY = YES_AGGRESSIVE;
				CLANG_WARN_UNREACHABLE_CODE = YES;
				CLANG_WARN__DUPLICATE_METHOD_MATCH = YES;
				COPY_PHASE_STRIP = NO;
				DEBUG_INFORMATION_FORMAT = "dwarf-with-dsym";
				ENABLE_NS_ASSERTIONS = NO;
				ENABLE_STRICT_OBJC_MSGSEND = YES;
				GCC_C_LANGUAGE_STANDARD = gnu11;
				GCC_NO_COMMON_BLOCKS = YES;
				GCC_WARN_64_TO_32_BIT_CONVERSION = YES;
				GCC_WARN_ABOUT_RETURN_TYPE = YES_ERROR;
				GCC_WARN_UNDECLARED_SELECTOR = YES;
				GCC_WARN_UNINITIALIZED_AUTOS = YES_AGGRESSIVE;
				GCC_WARN_UNUSED_FUNCTION = YES;
				GCC_WARN_UNUSED_VARIABLE = YES;
				IPHONEOS_DEPLOYMENT_TARGET = 15.0;
				MTL_ENABLE_DEBUG_INFO = NO;
				MTL_FAST_MATH = YES;
				SDKROOT = iphoneos;
				SWIFT_COMPILATION_MODE = wholemodule;
				SWIFT_OPTIMIZATION_LEVEL = "-O";
				VALIDATE_PRODUCT = YES;
			};
			name = Release;
		};
		53E9D87927428B7F006AA5AB /* Debug */ = {
			isa = XCBuildConfiguration;
			buildSettings = {
				ASSETCATALOG_COMPILER_APPICON_NAME = AppIcon;
				ASSETCATALOG_COMPILER_GLOBAL_ACCENT_COLOR_NAME = AccentColor;
				CODE_SIGN_STYLE = Automatic;
				CURRENT_PROJECT_VERSION = 1;
				DEVELOPMENT_ASSET_PATHS = "\"swiftui-bootcamp/Preview Content\"";
				DEVELOPMENT_TEAM = 4S9UQTSVWS;
				ENABLE_PREVIEWS = YES;
				GENERATE_INFOPLIST_FILE = YES;
				INFOPLIST_KEY_UIApplicationSceneManifest_Generation = YES;
				INFOPLIST_KEY_UIApplicationSupportsIndirectInputEvents = YES;
				INFOPLIST_KEY_UILaunchScreen_Generation = YES;
				INFOPLIST_KEY_UISupportedInterfaceOrientations_iPad = "UIInterfaceOrientationPortrait UIInterfaceOrientationPortraitUpsideDown UIInterfaceOrientationLandscapeLeft UIInterfaceOrientationLandscapeRight";
				INFOPLIST_KEY_UISupportedInterfaceOrientations_iPhone = "UIInterfaceOrientationPortrait UIInterfaceOrientationLandscapeLeft UIInterfaceOrientationLandscapeRight";
				LD_RUNPATH_SEARCH_PATHS = (
					"$(inherited)",
					"@executable_path/Frameworks",
				);
				MARKETING_VERSION = 1.0;
				PRODUCT_BUNDLE_IDENTIFIER = "nuradev.swiftui-bootcamp";
				PRODUCT_NAME = "$(TARGET_NAME)";
				SWIFT_EMIT_LOC_STRINGS = YES;
				SWIFT_VERSION = 5.0;
				TARGETED_DEVICE_FAMILY = "1,2";
			};
			name = Debug;
		};
		53E9D87A27428B7F006AA5AB /* Release */ = {
			isa = XCBuildConfiguration;
			buildSettings = {
				ASSETCATALOG_COMPILER_APPICON_NAME = AppIcon;
				ASSETCATALOG_COMPILER_GLOBAL_ACCENT_COLOR_NAME = AccentColor;
				CODE_SIGN_STYLE = Automatic;
				CURRENT_PROJECT_VERSION = 1;
				DEVELOPMENT_ASSET_PATHS = "\"swiftui-bootcamp/Preview Content\"";
				DEVELOPMENT_TEAM = 4S9UQTSVWS;
				ENABLE_PREVIEWS = YES;
				GENERATE_INFOPLIST_FILE = YES;
				INFOPLIST_KEY_UIApplicationSceneManifest_Generation = YES;
				INFOPLIST_KEY_UIApplicationSupportsIndirectInputEvents = YES;
				INFOPLIST_KEY_UILaunchScreen_Generation = YES;
				INFOPLIST_KEY_UISupportedInterfaceOrientations_iPad = "UIInterfaceOrientationPortrait UIInterfaceOrientationPortraitUpsideDown UIInterfaceOrientationLandscapeLeft UIInterfaceOrientationLandscapeRight";
				INFOPLIST_KEY_UISupportedInterfaceOrientations_iPhone = "UIInterfaceOrientationPortrait UIInterfaceOrientationLandscapeLeft UIInterfaceOrientationLandscapeRight";
				LD_RUNPATH_SEARCH_PATHS = (
					"$(inherited)",
					"@executable_path/Frameworks",
				);
				MARKETING_VERSION = 1.0;
				PRODUCT_BUNDLE_IDENTIFIER = "nuradev.swiftui-bootcamp";
				PRODUCT_NAME = "$(TARGET_NAME)";
				SWIFT_EMIT_LOC_STRINGS = YES;
				SWIFT_VERSION = 5.0;
				TARGETED_DEVICE_FAMILY = "1,2";
			};
			name = Release;
		};
		53E9D87C27428B7F006AA5AB /* Debug */ = {
			isa = XCBuildConfiguration;
			buildSettings = {
				ALWAYS_EMBED_SWIFT_STANDARD_LIBRARIES = YES;
				BUNDLE_LOADER = "$(TEST_HOST)";
				CODE_SIGN_STYLE = Automatic;
				CURRENT_PROJECT_VERSION = 1;
				DEVELOPMENT_TEAM = 4S9UQTSVWS;
				GENERATE_INFOPLIST_FILE = YES;
				IPHONEOS_DEPLOYMENT_TARGET = 15.0;
				LD_RUNPATH_SEARCH_PATHS = (
					"$(inherited)",
					"@executable_path/Frameworks",
					"@loader_path/Frameworks",
				);
				MARKETING_VERSION = 1.0;
				PRODUCT_BUNDLE_IDENTIFIER = "nuradev.swiftui-bootcampTests";
				PRODUCT_NAME = "$(TARGET_NAME)";
				SWIFT_EMIT_LOC_STRINGS = NO;
				SWIFT_VERSION = 5.0;
				TARGETED_DEVICE_FAMILY = "1,2";
				TEST_HOST = "$(BUILT_PRODUCTS_DIR)/swiftui-bootcamp.app/swiftui-bootcamp";
			};
			name = Debug;
		};
		53E9D87D27428B7F006AA5AB /* Release */ = {
			isa = XCBuildConfiguration;
			buildSettings = {
				ALWAYS_EMBED_SWIFT_STANDARD_LIBRARIES = YES;
				BUNDLE_LOADER = "$(TEST_HOST)";
				CODE_SIGN_STYLE = Automatic;
				CURRENT_PROJECT_VERSION = 1;
				DEVELOPMENT_TEAM = 4S9UQTSVWS;
				GENERATE_INFOPLIST_FILE = YES;
				IPHONEOS_DEPLOYMENT_TARGET = 15.0;
				LD_RUNPATH_SEARCH_PATHS = (
					"$(inherited)",
					"@executable_path/Frameworks",
					"@loader_path/Frameworks",
				);
				MARKETING_VERSION = 1.0;
				PRODUCT_BUNDLE_IDENTIFIER = "nuradev.swiftui-bootcampTests";
				PRODUCT_NAME = "$(TARGET_NAME)";
				SWIFT_EMIT_LOC_STRINGS = NO;
				SWIFT_VERSION = 5.0;
				TARGETED_DEVICE_FAMILY = "1,2";
				TEST_HOST = "$(BUILT_PRODUCTS_DIR)/swiftui-bootcamp.app/swiftui-bootcamp";
			};
			name = Release;
		};
		53E9D87F27428B7F006AA5AB /* Debug */ = {
			isa = XCBuildConfiguration;
			buildSettings = {
				ALWAYS_EMBED_SWIFT_STANDARD_LIBRARIES = YES;
				CODE_SIGN_STYLE = Automatic;
				CURRENT_PROJECT_VERSION = 1;
				DEVELOPMENT_TEAM = 4S9UQTSVWS;
				GENERATE_INFOPLIST_FILE = YES;
				LD_RUNPATH_SEARCH_PATHS = (
					"$(inherited)",
					"@executable_path/Frameworks",
					"@loader_path/Frameworks",
				);
				MARKETING_VERSION = 1.0;
				PRODUCT_BUNDLE_IDENTIFIER = "nuradev.swiftui-bootcampUITests";
				PRODUCT_NAME = "$(TARGET_NAME)";
				SWIFT_EMIT_LOC_STRINGS = NO;
				SWIFT_VERSION = 5.0;
				TARGETED_DEVICE_FAMILY = "1,2";
				TEST_TARGET_NAME = "swiftui-bootcamp";
			};
			name = Debug;
		};
		53E9D88027428B7F006AA5AB /* Release */ = {
			isa = XCBuildConfiguration;
			buildSettings = {
				ALWAYS_EMBED_SWIFT_STANDARD_LIBRARIES = YES;
				CODE_SIGN_STYLE = Automatic;
				CURRENT_PROJECT_VERSION = 1;
				DEVELOPMENT_TEAM = 4S9UQTSVWS;
				GENERATE_INFOPLIST_FILE = YES;
				LD_RUNPATH_SEARCH_PATHS = (
					"$(inherited)",
					"@executable_path/Frameworks",
					"@loader_path/Frameworks",
				);
				MARKETING_VERSION = 1.0;
				PRODUCT_BUNDLE_IDENTIFIER = "nuradev.swiftui-bootcampUITests";
				PRODUCT_NAME = "$(TARGET_NAME)";
				SWIFT_EMIT_LOC_STRINGS = NO;
				SWIFT_VERSION = 5.0;
				TARGETED_DEVICE_FAMILY = "1,2";
				TEST_TARGET_NAME = "swiftui-bootcamp";
			};
			name = Release;
		};
/* End XCBuildConfiguration section */

/* Begin XCConfigurationList section */
		53E9D84F27428B7E006AA5AB /* Build configuration list for PBXProject "swiftui-bootcamp" */ = {
			isa = XCConfigurationList;
			buildConfigurations = (
				53E9D87627428B7F006AA5AB /* Debug */,
				53E9D87727428B7F006AA5AB /* Release */,
			);
			defaultConfigurationIsVisible = 0;
			defaultConfigurationName = Release;
		};
		53E9D87827428B7F006AA5AB /* Build configuration list for PBXNativeTarget "swiftui-bootcamp" */ = {
			isa = XCConfigurationList;
			buildConfigurations = (
				53E9D87927428B7F006AA5AB /* Debug */,
				53E9D87A27428B7F006AA5AB /* Release */,
			);
			defaultConfigurationIsVisible = 0;
			defaultConfigurationName = Release;
		};
		53E9D87B27428B7F006AA5AB /* Build configuration list for PBXNativeTarget "swiftui-bootcampTests" */ = {
			isa = XCConfigurationList;
			buildConfigurations = (
				53E9D87C27428B7F006AA5AB /* Debug */,
				53E9D87D27428B7F006AA5AB /* Release */,
			);
			defaultConfigurationIsVisible = 0;
			defaultConfigurationName = Release;
		};
		53E9D87E27428B7F006AA5AB /* Build configuration list for PBXNativeTarget "swiftui-bootcampUITests" */ = {
			isa = XCConfigurationList;
			buildConfigurations = (
				53E9D87F27428B7F006AA5AB /* Debug */,
				53E9D88027428B7F006AA5AB /* Release */,
			);
			defaultConfigurationIsVisible = 0;
			defaultConfigurationName = Release;
		};
/* End XCConfigurationList section */
	};
	rootObject = 53E9D84C27428B7E006AA5AB /* Project object */;
}
